# THIS IS AN AUTOGENERATED FILE. DO NOT EDIT THIS FILE DIRECTLY.
# yarn lockfile v1


"@babel/runtime@^7.6.3", "@babel/runtime@^7.8.4":
  version "7.8.4"
  resolved "https://registry.yarnpkg.com/@babel/runtime/-/runtime-7.8.4.tgz#d79f5a2040f7caa24d53e563aad49cbc05581308"
  integrity sha512-neAp3zt80trRVBI1x0azq6c57aNBqYZH8KhMm3TaB7wEI5Q4A2SHfBHE8w9gOhI/lrqxtEbXZgQIrHP+wvSGwQ==
  dependencies:
    regenerator-runtime "^0.13.2"

"@zendeskgarden/container-accordion@^0.5.4":
  version "0.5.4"
  resolved "https://registry.yarnpkg.com/@zendeskgarden/container-accordion/-/container-accordion-0.5.4.tgz#0117899f71777d5caac7d9ec5ff5abca4f1410d4"
  integrity sha512-4AWbXUZNOsp7C/66oNwyyOLiioQwSRV5J+opj/gLZQ8wyJmAnR9Nm+H7aiNm/lfBpG+pxdhh5mM2nlMrer0V4w==
  dependencies:
    "@babel/runtime" "^7.8.4"
    "@zendeskgarden/container-utilities" "^0.5.3"
    react-uid "^2.2.0"

"@zendeskgarden/container-focusvisible@^0.4.3":
  version "0.4.3"
  resolved "https://registry.yarnpkg.com/@zendeskgarden/container-focusvisible/-/container-focusvisible-0.4.3.tgz#9e2c1d882ecf9adc91f6e84eaca997fc9019f67a"
  integrity sha512-4NpwhFzhRXE230mtaGUsvmwh6LxB1Cky/LJuX7ZYZkwEgjgaLO1m0qLOiRfEa4jJ2yKrsk2f+OOuyFwy7QIAcw==
  dependencies:
    "@babel/runtime" "^7.8.4"

"@zendeskgarden/container-utilities@^0.5.1":
  version "0.5.2"
  resolved "https://registry.yarnpkg.com/@zendeskgarden/container-utilities/-/container-utilities-0.5.2.tgz#38aeb5cf9745557f75412eb4d5d8b0abae5a3772"
  integrity sha512-QvPcAq1zlsvZfcyTwFlVVsO6DV3nW5SaXXWndesNx8erAtYJEnpJSQXcO2RABxz+YTXkK57h1fadySJX5SDqSA==
  dependencies:
    "@babel/runtime" "^7.8.4"

"@zendeskgarden/container-utilities@^0.5.3":
  version "0.5.3"
  resolved "https://registry.yarnpkg.com/@zendeskgarden/container-utilities/-/container-utilities-0.5.3.tgz#e6854ee5257a2b8d41ee421214337ac28b048f76"
  integrity sha512-Rz8t9amCALj+NgxbEIYiQsF1MNTYJEsfntCLik6cdsyzDnguPplury7G4V3w2+SYAudiqio4venDKFzom6LUQQ==
  dependencies:
    "@babel/runtime" "^7.8.4"

"@zendeskgarden/react-theming@^8.3.0":
  version "8.3.0"
  resolved "https://registry.yarnpkg.com/@zendeskgarden/react-theming/-/react-theming-8.3.0.tgz#a3358068270b9c3bb30e287e8c589a449321037b"
  integrity sha512-wRaaT4jvpH03UBsStDaSQkrvCl8LxGrBWl3VtGBQZh0N349eU6LMdT+frkrhl8gwwbKL3L/CZt0AnKEcfxUK9g==
  dependencies:
    "@zendeskgarden/container-focusvisible" "^0.4.3"
    "@zendeskgarden/container-utilities" "^0.5.1"
    polished "^3.4.4"

"@zendeskgarden/svg-icons@6.13.1":
  version "6.13.1"
  resolved "https://registry.yarnpkg.com/@zendeskgarden/svg-icons/-/svg-icons-6.13.1.tgz#7e4e6844dae773bc0e1f59e6c01098cdf93a2b96"
  integrity sha512-MWqWsjWOYm76Rtv/jgfKDv6Y4K6QeqVjLZh9KN19yH/j/P+1RVwERK8HzJUHxRqvj6DGAe+RZxor9N4B+/kXzA==

polished@^3.4.4:
  version "3.4.4"
  resolved "https://registry.yarnpkg.com/polished/-/polished-3.4.4.tgz#ac8cd6e704887398f3b802718f9d389b9ea4307b"
  integrity sha512-x9PKeExyI9AhWrJP3Q57I1k7GInujjiVBJMPFmycj9hX1yCOo/X9eu9eZwxgOziiXge3WbFQ5XOmkzunOntBSA==
  dependencies:
    "@babel/runtime" "^7.6.3"

react-uid@^2.2.0:
  version "2.2.0"
  resolved "https://registry.yarnpkg.com/react-uid/-/react-uid-2.2.0.tgz#0f77e1e0594fbf29fc4fe528cc9aa415c5bf9159"
  integrity sha512-z+g5+hFOQ08hCfrGcJ1PNs+cmvH8Uq2CVzCmPeWBsUi5A4W4NWXR5jouledzy3oSKGMU9HOzf8zFuGi15TXJoQ==

regenerator-runtime@^0.13.2:
  version "0.13.3"
  resolved "https://registry.yarnpkg.com/regenerator-runtime/-/regenerator-runtime-0.13.3.tgz#7cf6a77d8f5c6f60eb73c5fc1955b2ceb01e6bf5"
  integrity sha512-naKIZz2GQ8JWh///G7L3X6LaQUAMp2lvb1rvwwsURe/VXwD6VMfr+/1NuNw3ag8v2kY1aQ/go5SNn79O9JU7yw==
